
Microsoft Visual Studio Solution File, Format Version 12.00
# Visual Studio Version 17
VisualStudioVersion = 17.3.32929.385
MinimumVisualStudioVersion = 10.0.40219.1
Project("{FAE04EC0-301F-11D3-BF4B-00C04F79EFBC}") = "F1 Season 2023 Ew", "F1 Season 2023 Ew\F1 Season 2023 Ew.csproj", "{4DBA5D13-FBFB-4613-A802-1A374BDD2C65}"
EndProject
Global
	GlobalSection(SolutionConfigurationPlatforms) = preSolution
		Debug|Any CPU = Debug|Any CPU
		Release|Any CPU = Release|Any CPU
	EndGlobalSection
	GlobalSection(ProjectConfigurationPlatforms) = postSolution
		{4DBA5D13-FBFB-4613-A802-1A374BDD2C65}.Debug|Any CPU.ActiveCfg = Debug|Any CPU
		{4DBA5D13-FBFB-4613-A802-1A374BDD2C65}.Debug|Any CPU.Build.0 = Debug|Any CPU
		{4DBA5D13-FBFB-4613-A802-1A374BDD2C65}.Release|Any CPU.ActiveCfg = Release|Any CPU
		{4DBA5D13-FBFB-4613-A802-1A374BDD2C65}.Release|Any CPU.Build.0 = Release|Any CPU
	EndGlobalSection
	GlobalSection(SolutionProperties) = preSolution
		HideSolutionNode = FALSE
	EndGlobalSection
	GlobalSection(ExtensibilityGlobals) = postSolution
		SolutionGuid = {26FA6E9C-1C86-48BC-B272-43C457101132}
	EndGlobalSection
EndGlobal
